<Solution>

  <Folder Name="/src/">
    <Project Path="src/EricksonLopez.SharedKernel/EricksonLopez.SharedKernel.csproj" />
  </Folder>
  <Folder Name="/tests/">
    <Project Path="tests/EricksonLopez.SharedKernel.ArchitectureTests/EricksonLopez.SharedKernel.ArchitectureTests.csproj" />
    <Project Path="benchmarks/EricksonLopez.SharedKernel.Benchmarks/EricksonLopez.SharedKernel.Benchmarks.csproj" />
    <Project Path="tests/EricksonLopez.SharedKernel.UnitTests/EricksonLopez.SharedKernel.UnitTests.csproj" />
  </Folder>
</Solution>
